
Microsoft Visual Studio Solution File, Format Version 12.00
# Visual Studio Version 16
VisualStudioVersion = 16.0.31229.75
MinimumVisualStudioVersion = 10.0.40219.1
Project("{FAE04EC0-301F-11D3-BF4B-00C04F79EFBC}") = "Carrinho", "Carrinho\Carrinho.csproj", "{D0CFC886-4257-4867-8F49-EBE04F7C47D9}"
EndProject
Global
	GlobalSection(SolutionConfigurationPlatforms) = preSolution
		Debug|Any CPU = Debug|Any CPU
		Release|Any CPU = Release|Any CPU
	EndGlobalSection
	GlobalSection(ProjectConfigurationPlatforms) = postSolution
		{D0CFC886-4257-4867-8F49-EBE04F7C47D9}.Debug|Any CPU.ActiveCfg = Debug|Any CPU
		{D0CFC886-4257-4867-8F49-EBE04F7C47D9}.Debug|Any CPU.Build.0 = Debug|Any CPU
		{D0CFC886-4257-4867-8F49-EBE04F7C47D9}.Release|Any CPU.ActiveCfg = Release|Any CPU
		{D0CFC886-4257-4867-8F49-EBE04F7C47D9}.Release|Any CPU.Build.0 = Release|Any CPU
	EndGlobalSection
	GlobalSection(SolutionProperties) = preSolution
		HideSolutionNode = FALSE
	EndGlobalSection
	GlobalSection(ExtensibilityGlobals) = postSolution
		SolutionGuid = {4AF27F49-67FB-4E81-B951-AC1DE7993864}
	EndGlobalSection
EndGlobal
